
Microsoft Visual Studio Solution File, Format Version 12.00
# Visual Studio 15
VisualStudioVersion = 15.0.27130.2010
MinimumVisualStudioVersion = 10.0.40219.1
Project("{888888A0-9F3D-457C-B088-3A5042F75D52}") = "Shallow Blue Flask Web Server", "Shallow Blue Flask Web Server\Shallow Blue Flask Web Server.pyproj", "{525F04F9-CCF2-4F9D-B635-DA042F332064}"
EndProject
Project("{FAE04EC0-301F-11D3-BF4B-00C04F79EFBC}") = "Shallow Blue ASP", "Shallow Blue ASP\Shallow Blue ASP.csproj", "{98052B61-DB91-41A1-B216-C83AB535EA82}"
EndProject
Global
	GlobalSection(SolutionConfigurationPlatforms) = preSolution
		Debug|Any CPU = Debug|Any CPU
		Release|Any CPU = Release|Any CPU
	EndGlobalSection
	GlobalSection(ProjectConfigurationPlatforms) = postSolution
		{525F04F9-CCF2-4F9D-B635-DA042F332064}.Debug|Any CPU.ActiveCfg = Debug|Any CPU
		{525F04F9-CCF2-4F9D-B635-DA042F332064}.Debug|Any CPU.Build.0 = Debug|Any CPU
		{525F04F9-CCF2-4F9D-B635-DA042F332064}.Release|Any CPU.ActiveCfg = Release|Any CPU
		{525F04F9-CCF2-4F9D-B635-DA042F332064}.Release|Any CPU.Build.0 = Release|Any CPU
		{98052B61-DB91-41A1-B216-C83AB535EA82}.Debug|Any CPU.ActiveCfg = Debug|Any CPU
		{98052B61-DB91-41A1-B216-C83AB535EA82}.Debug|Any CPU.Build.0 = Debug|Any CPU
		{98052B61-DB91-41A1-B216-C83AB535EA82}.Release|Any CPU.ActiveCfg = Release|Any CPU
		{98052B61-DB91-41A1-B216-C83AB535EA82}.Release|Any CPU.Build.0 = Release|Any CPU
	EndGlobalSection
	GlobalSection(SolutionProperties) = preSolution
		HideSolutionNode = FALSE
	EndGlobalSection
	GlobalSection(ExtensibilityGlobals) = postSolution
		SolutionGuid = {7A795062-FF13-4F78-A0A9-02AAD97311DB}
	EndGlobalSection
EndGlobal
